
Microsoft Visual Studio Solution File, Format Version 12.00
# Visual Studio 15
VisualStudioVersion = 15.0.26430.16
MinimumVisualStudioVersion = 10.0.40219.1
Project("{FAE04EC0-301F-11D3-BF4B-00C04F79EFBC}") = "TxtChecker.Android", "TxtChecker\TxtChecker.Android\TxtChecker.Android.csproj", "{5C3E941E-3170-445B-A47E-1D450EF349CB}"
EndProject
Project("{FAE04EC0-301F-11D3-BF4B-00C04F79EFBC}") = "TxtChecker", "TxtChecker\TxtChecker\TxtChecker.csproj", "{6319AB0A-522D-45E4-82A0-7B3ED8A0A7BC}"
EndProject
Project("{FAE04EC0-301F-11D3-BF4B-00C04F79EFBC}") = "TxtChecker.iOS", "TxtChecker\TxtChecker.iOS\TxtChecker.iOS.csproj", "{913DC506-324E-41E7-A7EF-043678340BCD}"
EndProject
Global
	GlobalSection(SolutionConfigurationPlatforms) = preSolution
		Ad-Hoc|Any CPU = Ad-Hoc|Any CPU
		Ad-Hoc|iPhone = Ad-Hoc|iPhone
		Ad-Hoc|iPhoneSimulator = Ad-Hoc|iPhoneSimulator
		AppStore|Any CPU = AppStore|Any CPU
		AppStore|iPhone = AppStore|iPhone
		AppStore|iPhoneSimulator = AppStore|iPhoneSimulator
		Debug|Any CPU = Debug|Any CPU
		Debug|iPhone = Debug|iPhone
		Debug|iPhoneSimulator = Debug|iPhoneSimulator
		Release|Any CPU = Release|Any CPU
		Release|iPhone = Release|iPhone
		Release|iPhoneSimulator = Release|iPhoneSimulator
	EndGlobalSection
	GlobalSection(ProjectConfigurationPlatforms) = postSolution
		{5C3E941E-3170-445B-A47E-1D450EF349CB}.Ad-Hoc|Any CPU.ActiveCfg = Release|Any CPU
		{5C3E941E-3170-445B-A47E-1D450EF349CB}.Ad-Hoc|Any CPU.Build.0 = Release|Any CPU
		{5C3E941E-3170-445B-A47E-1D450EF349CB}.Ad-Hoc|Any CPU.Deploy.0 = Release|Any CPU
		{5C3E941E-3170-445B-A47E-1D450EF349CB}.Ad-Hoc|iPhone.ActiveCfg = Release|Any CPU
		{5C3E941E-3170-445B-A47E-1D450EF349CB}.Ad-Hoc|iPhone.Build.0 = Release|Any CPU
		{5C3E941E-3170-445B-A47E-1D450EF349CB}.Ad-Hoc|iPhone.Deploy.0 = Release|Any CPU
		{5C3E941E-3170-445B-A47E-1D450EF349CB}.Ad-Hoc|iPhoneSimulator.ActiveCfg = Release|Any CPU
		{5C3E941E-3170-445B-A47E-1D450EF349CB}.Ad-Hoc|iPhoneSimulator.Build.0 = Release|Any CPU
		{5C3E941E-3170-445B-A47E-1D450EF349CB}.Ad-Hoc|iPhoneSimulator.Deploy.0 = Release|Any CPU
		{5C3E941E-3170-445B-A47E-1D450EF349CB}.AppStore|Any CPU.ActiveCfg = Release|Any CPU
		{5C3E941E-3170-445B-A47E-1D450EF349CB}.AppStore|Any CPU.Build.0 = Release|Any CPU
		{5C3E941E-3170-445B-A47E-1D450EF349CB}.AppStore|Any CPU.Deploy.0 = Release|Any CPU
		{5C3E941E-3170-445B-A47E-1D450EF349CB}.AppStore|iPhone.ActiveCfg = Release|Any CPU
		{5C3E941E-3170-445B-A47E-1D450EF349CB}.AppStore|iPhone.Build.0 = Release|Any CPU
		{5C3E941E-3170-445B-A47E-1D450EF349CB}.AppStore|iPhone.Deploy.0 = Release|Any CPU
		{5C3E941E-3170-445B-A47E-1D450EF349CB}.AppStore|iPhoneSimulator.ActiveCfg = Release|Any CPU
		{5C3E941E-3170-445B-A47E-1D450EF349CB}.AppStore|iPhoneSimulator.Build.0 = Release|Any CPU
		{5C3E941E-3170-445B-A47E-1D450EF349CB}.AppStore|iPhoneSimulator.Deploy.0 = Release|Any CPU
		{5C3E941E-3170-445B-A47E-1D450EF349CB}.Debug|Any CPU.ActiveCfg = Debug|Any CPU
		{5C3E941E-3170-445B-A47E-1D450EF349CB}.Debug|Any CPU.Build.0 = Debug|Any CPU
		{5C3E941E-3170-445B-A47E-1D450EF349CB}.Debug|Any CPU.Deploy.0 = Debug|Any CPU
		{5C3E941E-3170-445B-A47E-1D450EF349CB}.Debug|iPhone.ActiveCfg = Debug|Any CPU
		{5C3E941E-3170-445B-A47E-1D450EF349CB}.Debug|iPhone.Build.0 = Debug|Any CPU
		{5C3E941E-3170-445B-A47E-1D450EF349CB}.Debug|iPhone.Deploy.0 = Debug|Any CPU
		{5C3E941E-3170-445B-A47E-1D450EF349CB}.Debug|iPhoneSimulator.ActiveCfg = Debug|Any CPU
		{5C3E941E-3170-445B-A47E-1D450EF349CB}.Debug|iPhoneSimulator.Build.0 = Debug|Any CPU
		{5C3E941E-3170-445B-A47E-1D450EF349CB}.Debug|iPhoneSimulator.Deploy.0 = Debug|Any CPU
		{5C3E941E-3170-445B-A47E-1D450EF349CB}.Release|Any CPU.ActiveCfg = Release|Any CPU
		{5C3E941E-3170-445B-A47E-1D450EF349CB}.Release|Any CPU.Build.0 = Release|Any CPU
		{5C3E941E-3170-445B-A47E-1D450EF349CB}.Release|Any CPU.Deploy.0 = Release|Any CPU
		{5C3E941E-3170-445B-A47E-1D450EF349CB}.Release|iPhone.ActiveCfg = Release|Any CPU
		{5C3E941E-3170-445B-A47E-1D450EF349CB}.Release|iPhone.Build.0 = Release|Any CPU
		{5C3E941E-3170-445B-A47E-1D450EF349CB}.Release|iPhone.Deploy.0 = Release|Any CPU
		{5C3E941E-3170-445B-A47E-1D450EF349CB}.Release|iPhoneSimulator.ActiveCfg = Release|Any CPU
		{5C3E941E-3170-445B-A47E-1D450EF349CB}.Release|iPhoneSimulator.Build.0 = Release|Any CPU
		{5C3E941E-3170-445B-A47E-1D450EF349CB}.Release|iPhoneSimulator.Deploy.0 = Release|Any CPU
		{6319AB0A-522D-45E4-82A0-7B3ED8A0A7BC}.Ad-Hoc|Any CPU.ActiveCfg = Release|Any CPU
		{6319AB0A-522D-45E4-82A0-7B3ED8A0A7BC}.Ad-Hoc|Any CPU.Build.0 = Release|Any CPU
		{6319AB0A-522D-45E4-82A0-7B3ED8A0A7BC}.Ad-Hoc|iPhone.ActiveCfg = Release|Any CPU
		{6319AB0A-522D-45E4-82A0-7B3ED8A0A7BC}.Ad-Hoc|iPhone.Build.0 = Release|Any CPU
		{6319AB0A-522D-45E4-82A0-7B3ED8A0A7BC}.Ad-Hoc|iPhoneSimulator.ActiveCfg = Release|Any CPU
		{6319AB0A-522D-45E4-82A0-7B3ED8A0A7BC}.Ad-Hoc|iPhoneSimulator.Build.0 = Release|Any CPU
		{6319AB0A-522D-45E4-82A0-7B3ED8A0A7BC}.AppStore|Any CPU.ActiveCfg = Release|Any CPU
		{6319AB0A-522D-45E4-82A0-7B3ED8A0A7BC}.AppStore|Any CPU.Build.0 = Release|Any CPU
		{6319AB0A-522D-45E4-82A0-7B3ED8A0A7BC}.AppStore|iPhone.ActiveCfg = Release|Any CPU
		{6319AB0A-522D-45E4-82A0-7B3ED8A0A7BC}.AppStore|iPhone.Build.0 = Release|Any CPU
		{6319AB0A-522D-45E4-82A0-7B3ED8A0A7BC}.AppStore|iPhoneSimulator.ActiveCfg = Release|Any CPU
		{6319AB0A-522D-45E4-82A0-7B3ED8A0A7BC}.AppStore|iPhoneSimulator.Build.0 = Release|Any CPU
		{6319AB0A-522D-45E4-82A0-7B3ED8A0A7BC}.Debug|Any CPU.ActiveCfg = Debug|Any CPU
		{6319AB0A-522D-45E4-82A0-7B3ED8A0A7BC}.Debug|Any CPU.Build.0 = Debug|Any CPU
		{6319AB0A-522D-45E4-82A0-7B3ED8A0A7BC}.Debug|iPhone.ActiveCfg = Debug|Any CPU
		{6319AB0A-522D-45E4-82A0-7B3ED8A0A7BC}.Debug|iPhone.Build.0 = Debug|Any CPU
		{6319AB0A-522D-45E4-82A0-7B3ED8A0A7BC}.Debug|iPhoneSimulator.ActiveCfg = Debug|Any CPU
		{6319AB0A-522D-45E4-82A0-7B3ED8A0A7BC}.Debug|iPhoneSimulator.Build.0 = Debug|Any CPU
		{6319AB0A-522D-45E4-82A0-7B3ED8A0A7BC}.Release|Any CPU.ActiveCfg = Release|Any CPU
		{6319AB0A-522D-45E4-82A0-7B3ED8A0A7BC}.Release|Any CPU.Build.0 = Release|Any CPU
		{6319AB0A-522D-45E4-82A0-7B3ED8A0A7BC}.Release|iPhone.ActiveCfg = Release|Any CPU
		{6319AB0A-522D-45E4-82A0-7B3ED8A0A7BC}.Release|iPhone.Build.0 = Release|Any CPU
		{6319AB0A-522D-45E4-82A0-7B3ED8A0A7BC}.Release|iPhoneSimulator.ActiveCfg = Release|Any CPU
		{6319AB0A-522D-45E4-82A0-7B3ED8A0A7BC}.Release|iPhoneSimulator.Build.0 = Release|Any CPU
		{913DC506-324E-41E7-A7EF-043678340BCD}.Ad-Hoc|Any CPU.ActiveCfg = Ad-Hoc|iPhone
		{913DC506-324E-41E7-A7EF-043678340BCD}.Ad-Hoc|iPhone.ActiveCfg = Ad-Hoc|iPhone
		{913DC506-324E-41E7-A7EF-043678340BCD}.Ad-Hoc|iPhone.Build.0 = Ad-Hoc|iPhone
		{913DC506-324E-41E7-A7EF-043678340BCD}.Ad-Hoc|iPhoneSimulator.ActiveCfg = Ad-Hoc|iPhoneSimulator
		{913DC506-324E-41E7-A7EF-043678340BCD}.Ad-Hoc|iPhoneSimulator.Build.0 = Ad-Hoc|iPhoneSimulator
		{913DC506-324E-41E7-A7EF-043678340BCD}.AppStore|Any CPU.ActiveCfg = AppStore|iPhone
		{913DC506-324E-41E7-A7EF-043678340BCD}.AppStore|iPhone.ActiveCfg = AppStore|iPhone
		{913DC506-324E-41E7-A7EF-043678340BCD}.AppStore|iPhone.Build.0 = AppStore|iPhone
		{913DC506-324E-41E7-A7EF-043678340BCD}.AppStore|iPhoneSimulator.ActiveCfg = AppStore|iPhoneSimulator
		{913DC506-324E-41E7-A7EF-043678340BCD}.AppStore|iPhoneSimulator.Build.0 = AppStore|iPhoneSimulator
		{913DC506-324E-41E7-A7EF-043678340BCD}.Debug|Any CPU.ActiveCfg = Debug|iPhone
		{913DC506-324E-41E7-A7EF-043678340BCD}.Debug|iPhone.ActiveCfg = Debug|iPhone
		{913DC506-324E-41E7-A7EF-043678340BCD}.Debug|iPhone.Build.0 = Debug|iPhone
		{913DC506-324E-41E7-A7EF-043678340BCD}.Debug|iPhoneSimulator.ActiveCfg = Debug|iPhoneSimulator
		{913DC506-324E-41E7-A7EF-043678340BCD}.Debug|iPhoneSimulator.Build.0 = Debug|iPhoneSimulator
		{913DC506-324E-41E7-A7EF-043678340BCD}.Release|Any CPU.ActiveCfg = Release|iPhone
		{913DC506-324E-41E7-A7EF-043678340BCD}.Release|iPhone.ActiveCfg = Release|iPhone
		{913DC506-324E-41E7-A7EF-043678340BCD}.Release|iPhone.Build.0 = Release|iPhone
		{913DC506-324E-41E7-A7EF-043678340BCD}.Release|iPhoneSimulator.ActiveCfg = Release|iPhoneSimulator
		{913DC506-324E-41E7-A7EF-043678340BCD}.Release|iPhoneSimulator.Build.0 = Release|iPhoneSimulator
	EndGlobalSection
	GlobalSection(SolutionProperties) = preSolution
		HideSolutionNode = FALSE
	EndGlobalSection
EndGlobal
